
Microsoft Visual Studio Solution File, Format Version 12.00
Project("{FAE04EC0-301F-11D3-BF4B-00C04F79EFBC}") = "BolekLolek", "BolekLolek\BolekLolek.csproj", "{413CD4D1-01BE-4CDB-9B80-D9E2BAD8C6EA}"
EndProject
Global
	GlobalSection(SolutionConfigurationPlatforms) = preSolution
		Debug|Any CPU = Debug|Any CPU
		Release|Any CPU = Release|Any CPU
	EndGlobalSection
	GlobalSection(ProjectConfigurationPlatforms) = postSolution
		{413CD4D1-01BE-4CDB-9B80-D9E2BAD8C6EA}.Debug|Any CPU.ActiveCfg = Debug|Any CPU
		{413CD4D1-01BE-4CDB-9B80-D9E2BAD8C6EA}.Debug|Any CPU.Build.0 = Debug|Any CPU
		{413CD4D1-01BE-4CDB-9B80-D9E2BAD8C6EA}.Release|Any CPU.ActiveCfg = Release|Any CPU
		{413CD4D1-01BE-4CDB-9B80-D9E2BAD8C6EA}.Release|Any CPU.Build.0 = Release|Any CPU
	EndGlobalSection
EndGlobal
